
Microsoft Visual Studio Solution File, Format Version 12.00
# Visual Studio Version 16
VisualStudioVersion = 16.0.31424.327
MinimumVisualStudioVersion = 10.0.40219.1
Project("{FAE04EC0-301F-11D3-BF4B-00C04F79EFBC}") = "Contained", "Contained\Contained.csproj", "{A3E16DA5-6C79-4F29-8437-2AE3DCE8E056}"
EndProject
Global
	GlobalSection(SolutionConfigurationPlatforms) = preSolution
		Debug|Any CPU = Debug|Any CPU
		Release|Any CPU = Release|Any CPU
	EndGlobalSection
	GlobalSection(ProjectConfigurationPlatforms) = postSolution
		{A3E16DA5-6C79-4F29-8437-2AE3DCE8E056}.Debug|Any CPU.ActiveCfg = Debug|Any CPU
		{A3E16DA5-6C79-4F29-8437-2AE3DCE8E056}.Debug|Any CPU.Build.0 = Debug|Any CPU
		{A3E16DA5-6C79-4F29-8437-2AE3DCE8E056}.Release|Any CPU.ActiveCfg = Release|Any CPU
		{A3E16DA5-6C79-4F29-8437-2AE3DCE8E056}.Release|Any CPU.Build.0 = Release|Any CPU
	EndGlobalSection
	GlobalSection(SolutionProperties) = preSolution
		HideSolutionNode = FALSE
	EndGlobalSection
	GlobalSection(ExtensibilityGlobals) = postSolution
		SolutionGuid = {DDD545D3-2401-4558-95E1-4A22CD14939E}
	EndGlobalSection
EndGlobal
